
Microsoft Visual Studio Solution File, Format Version 12.00
# Visual Studio Version 17
VisualStudioVersion = 17.2.32505.173
MinimumVisualStudioVersion = 10.0.40219.1
Project("{FAE04EC0-301F-11D3-BF4B-00C04F79EFBC}") = "Example_002_HW10", "Example_002_HW10\Example_002_HW10.csproj", "{EDDE2302-AE24-4C34-B8BE-D10A41EBAE6A}"
EndProject
Global
	GlobalSection(SolutionConfigurationPlatforms) = preSolution
		Debug|Any CPU = Debug|Any CPU
		Release|Any CPU = Release|Any CPU
	EndGlobalSection
	GlobalSection(ProjectConfigurationPlatforms) = postSolution
		{EDDE2302-AE24-4C34-B8BE-D10A41EBAE6A}.Debug|Any CPU.ActiveCfg = Debug|Any CPU
		{EDDE2302-AE24-4C34-B8BE-D10A41EBAE6A}.Debug|Any CPU.Build.0 = Debug|Any CPU
		{EDDE2302-AE24-4C34-B8BE-D10A41EBAE6A}.Release|Any CPU.ActiveCfg = Release|Any CPU
		{EDDE2302-AE24-4C34-B8BE-D10A41EBAE6A}.Release|Any CPU.Build.0 = Release|Any CPU
	EndGlobalSection
	GlobalSection(SolutionProperties) = preSolution
		HideSolutionNode = FALSE
	EndGlobalSection
	GlobalSection(ExtensibilityGlobals) = postSolution
		SolutionGuid = {BDDD0CB4-D7CF-423B-83D7-CF68BF1C5E25}
	EndGlobalSection
EndGlobal
